
Microsoft Visual Studio Solution File, Format Version 12.00
Project("{2150E333-8FDC-42A3-9474-1A3956D46DE8}") = "1. Hosts", "1. Hosts", "{E5034861-55BA-4F49-8020-0D835D83A313}"
EndProject
Project("{2150E333-8FDC-42A3-9474-1A3956D46DE8}") = "2. Modules", "2. Modules", "{F3CC6A60-A3ED-4AF0-A037-EF5AC395F351}"
EndProject
Project("{2150E333-8FDC-42A3-9474-1A3956D46DE8}") = "3. Building Blocks", "3. Building Blocks", "{ACE4F998-22CC-4502-A86A-64F66119D0D8}"
EndProject
Project("{FAE04EC0-301F-11D3-BF4B-00C04F79EFBC}") = "Chiral.Core", "src\Chiral.Core\Chiral.Core.csproj", "{05102634-29AF-4C89-830D-9CC32CFCC9EE}"
EndProject
Global
	GlobalSection(SolutionConfigurationPlatforms) = preSolution
		Debug|Any CPU = Debug|Any CPU
		Release|Any CPU = Release|Any CPU
	EndGlobalSection
	GlobalSection(NestedProjects) = preSolution
		{05102634-29AF-4C89-830D-9CC32CFCC9EE} = {ACE4F998-22CC-4502-A86A-64F66119D0D8}
	EndGlobalSection
	GlobalSection(ProjectConfigurationPlatforms) = postSolution
		{05102634-29AF-4C89-830D-9CC32CFCC9EE}.Debug|Any CPU.ActiveCfg = Debug|Any CPU
		{05102634-29AF-4C89-830D-9CC32CFCC9EE}.Debug|Any CPU.Build.0 = Debug|Any CPU
		{05102634-29AF-4C89-830D-9CC32CFCC9EE}.Release|Any CPU.ActiveCfg = Release|Any CPU
		{05102634-29AF-4C89-830D-9CC32CFCC9EE}.Release|Any CPU.Build.0 = Release|Any CPU
	EndGlobalSection
EndGlobal
